
Microsoft Visual Studio Solution File, Format Version 12.00
# Visual Studio Version 16
VisualStudioVersion = 16.0.31727.386
MinimumVisualStudioVersion = 10.0.40219.1
Project("{8BC9CEB8-8B4A-11D0-8D11-00A0C91BC942}") = "KMD", "KMD\KMD.vcxproj", "{59DD62C8-E58B-46BB-B299-3D6616098F92}"
EndProject
Project("{8BC9CEB8-8B4A-11D0-8D11-00A0C91BC942}") = "UMD", "UMD\UMD.vcxproj", "{C212347C-BA9F-43A6-AB88-B94CBDDD9661}"
EndProject
Project("{8BC9CEB8-8B4A-11D0-8D11-00A0C91BC942}") = "V3DQPU", "Driver\V3DQPU.vcxproj", "{EDF6C6A1-DF00-4337-BD01-037F787A877B}"
EndProject
Global
	GlobalSection(SolutionConfigurationPlatforms) = preSolution
		Debug|ARM = Debug|ARM
		Debug|ARM64 = Debug|ARM64
		Debug|x64 = Debug|x64
		Debug|x86 = Debug|x86
		Release|ARM = Release|ARM
		Release|ARM64 = Release|ARM64
		Release|x64 = Release|x64
		Release|x86 = Release|x86
	EndGlobalSection
	GlobalSection(ProjectConfigurationPlatforms) = postSolution
		{59DD62C8-E58B-46BB-B299-3D6616098F92}.Debug|ARM.ActiveCfg = Debug|ARM
		{59DD62C8-E58B-46BB-B299-3D6616098F92}.Debug|ARM.Build.0 = Debug|ARM
		{59DD62C8-E58B-46BB-B299-3D6616098F92}.Debug|ARM.Deploy.0 = Debug|ARM
		{59DD62C8-E58B-46BB-B299-3D6616098F92}.Debug|ARM64.ActiveCfg = Debug|ARM64
		{59DD62C8-E58B-46BB-B299-3D6616098F92}.Debug|ARM64.Build.0 = Debug|ARM64
		{59DD62C8-E58B-46BB-B299-3D6616098F92}.Debug|x64.ActiveCfg = Debug|x64
		{59DD62C8-E58B-46BB-B299-3D6616098F92}.Debug|x64.Build.0 = Debug|x64
		{59DD62C8-E58B-46BB-B299-3D6616098F92}.Debug|x64.Deploy.0 = Debug|x64
		{59DD62C8-E58B-46BB-B299-3D6616098F92}.Debug|x86.ActiveCfg = Debug|Win32
		{59DD62C8-E58B-46BB-B299-3D6616098F92}.Debug|x86.Build.0 = Debug|Win32
		{59DD62C8-E58B-46BB-B299-3D6616098F92}.Debug|x86.Deploy.0 = Debug|Win32
		{59DD62C8-E58B-46BB-B299-3D6616098F92}.Release|ARM.ActiveCfg = Release|ARM
		{59DD62C8-E58B-46BB-B299-3D6616098F92}.Release|ARM.Build.0 = Release|ARM
		{59DD62C8-E58B-46BB-B299-3D6616098F92}.Release|ARM.Deploy.0 = Release|ARM
		{59DD62C8-E58B-46BB-B299-3D6616098F92}.Release|ARM64.ActiveCfg = Release|ARM64
		{59DD62C8-E58B-46BB-B299-3D6616098F92}.Release|ARM64.Build.0 = Release|ARM64
		{59DD62C8-E58B-46BB-B299-3D6616098F92}.Release|ARM64.Deploy.0 = Release|ARM64
		{59DD62C8-E58B-46BB-B299-3D6616098F92}.Release|x64.ActiveCfg = Release|x64
		{59DD62C8-E58B-46BB-B299-3D6616098F92}.Release|x64.Build.0 = Release|x64
		{59DD62C8-E58B-46BB-B299-3D6616098F92}.Release|x64.Deploy.0 = Release|x64
		{59DD62C8-E58B-46BB-B299-3D6616098F92}.Release|x86.ActiveCfg = Release|Win32
		{59DD62C8-E58B-46BB-B299-3D6616098F92}.Release|x86.Build.0 = Release|Win32
		{59DD62C8-E58B-46BB-B299-3D6616098F92}.Release|x86.Deploy.0 = Release|Win32
		{C212347C-BA9F-43A6-AB88-B94CBDDD9661}.Debug|ARM.ActiveCfg = Debug|ARM
		{C212347C-BA9F-43A6-AB88-B94CBDDD9661}.Debug|ARM.Build.0 = Debug|ARM
		{C212347C-BA9F-43A6-AB88-B94CBDDD9661}.Debug|ARM.Deploy.0 = Debug|ARM
		{C212347C-BA9F-43A6-AB88-B94CBDDD9661}.Debug|ARM64.ActiveCfg = Debug|ARM64
		{C212347C-BA9F-43A6-AB88-B94CBDDD9661}.Debug|ARM64.Build.0 = Debug|ARM64
		{C212347C-BA9F-43A6-AB88-B94CBDDD9661}.Debug|x64.ActiveCfg = Debug|x64
		{C212347C-BA9F-43A6-AB88-B94CBDDD9661}.Debug|x64.Build.0 = Debug|x64
		{C212347C-BA9F-43A6-AB88-B94CBDDD9661}.Debug|x64.Deploy.0 = Debug|x64
		{C212347C-BA9F-43A6-AB88-B94CBDDD9661}.Debug|x86.ActiveCfg = Debug|Win32
		{C212347C-BA9F-43A6-AB88-B94CBDDD9661}.Debug|x86.Build.0 = Debug|Win32
		{C212347C-BA9F-43A6-AB88-B94CBDDD9661}.Debug|x86.Deploy.0 = Debug|Win32
		{C212347C-BA9F-43A6-AB88-B94CBDDD9661}.Release|ARM.ActiveCfg = Release|ARM
		{C212347C-BA9F-43A6-AB88-B94CBDDD9661}.Release|ARM.Build.0 = Release|ARM
		{C212347C-BA9F-43A6-AB88-B94CBDDD9661}.Release|ARM.Deploy.0 = Release|ARM
		{C212347C-BA9F-43A6-AB88-B94CBDDD9661}.Release|ARM64.ActiveCfg = Release|ARM64
		{C212347C-BA9F-43A6-AB88-B94CBDDD9661}.Release|ARM64.Build.0 = Release|ARM64
		{C212347C-BA9F-43A6-AB88-B94CBDDD9661}.Release|ARM64.Deploy.0 = Release|ARM64
		{C212347C-BA9F-43A6-AB88-B94CBDDD9661}.Release|x64.ActiveCfg = Release|x64
		{C212347C-BA9F-43A6-AB88-B94CBDDD9661}.Release|x64.Build.0 = Release|x64
		{C212347C-BA9F-43A6-AB88-B94CBDDD9661}.Release|x64.Deploy.0 = Release|x64
		{C212347C-BA9F-43A6-AB88-B94CBDDD9661}.Release|x86.ActiveCfg = Release|Win32
		{C212347C-BA9F-43A6-AB88-B94CBDDD9661}.Release|x86.Build.0 = Release|Win32
		{C212347C-BA9F-43A6-AB88-B94CBDDD9661}.Release|x86.Deploy.0 = Release|Win32
		{EDF6C6A1-DF00-4337-BD01-037F787A877B}.Debug|ARM.ActiveCfg = Debug|ARM
		{EDF6C6A1-DF00-4337-BD01-037F787A877B}.Debug|ARM.Build.0 = Debug|ARM
		{EDF6C6A1-DF00-4337-BD01-037F787A877B}.Debug|ARM.Deploy.0 = Debug|ARM
		{EDF6C6A1-DF00-4337-BD01-037F787A877B}.Debug|ARM64.ActiveCfg = Debug|ARM64
		{EDF6C6A1-DF00-4337-BD01-037F787A877B}.Debug|ARM64.Build.0 = Debug|ARM64
		{EDF6C6A1-DF00-4337-BD01-037F787A877B}.Debug|x64.ActiveCfg = Debug|x64
		{EDF6C6A1-DF00-4337-BD01-037F787A877B}.Debug|x64.Build.0 = Debug|x64
		{EDF6C6A1-DF00-4337-BD01-037F787A877B}.Debug|x64.Deploy.0 = Debug|x64
		{EDF6C6A1-DF00-4337-BD01-037F787A877B}.Debug|x86.ActiveCfg = Debug|Win32
		{EDF6C6A1-DF00-4337-BD01-037F787A877B}.Debug|x86.Build.0 = Debug|Win32
		{EDF6C6A1-DF00-4337-BD01-037F787A877B}.Debug|x86.Deploy.0 = Debug|Win32
		{EDF6C6A1-DF00-4337-BD01-037F787A877B}.Release|ARM.ActiveCfg = Release|ARM
		{EDF6C6A1-DF00-4337-BD01-037F787A877B}.Release|ARM.Build.0 = Release|ARM
		{EDF6C6A1-DF00-4337-BD01-037F787A877B}.Release|ARM.Deploy.0 = Release|ARM
		{EDF6C6A1-DF00-4337-BD01-037F787A877B}.Release|ARM64.ActiveCfg = Release|ARM64
		{EDF6C6A1-DF00-4337-BD01-037F787A877B}.Release|ARM64.Build.0 = Release|ARM64
		{EDF6C6A1-DF00-4337-BD01-037F787A877B}.Release|ARM64.Deploy.0 = Release|ARM64
		{EDF6C6A1-DF00-4337-BD01-037F787A877B}.Release|x64.ActiveCfg = Release|x64
		{EDF6C6A1-DF00-4337-BD01-037F787A877B}.Release|x64.Build.0 = Release|x64
		{EDF6C6A1-DF00-4337-BD01-037F787A877B}.Release|x64.Deploy.0 = Release|x64
		{EDF6C6A1-DF00-4337-BD01-037F787A877B}.Release|x86.ActiveCfg = Release|Win32
		{EDF6C6A1-DF00-4337-BD01-037F787A877B}.Release|x86.Build.0 = Release|Win32
		{EDF6C6A1-DF00-4337-BD01-037F787A877B}.Release|x86.Deploy.0 = Release|Win32
	EndGlobalSection
	GlobalSection(SolutionProperties) = preSolution
		HideSolutionNode = FALSE
	EndGlobalSection
	GlobalSection(ExtensibilityGlobals) = postSolution
		SolutionGuid = {CED59129-B557-4A14-84ED-64672DA092B2}
	EndGlobalSection
EndGlobal
